
Microsoft Visual Studio Solution File, Format Version 12.00
# Visual Studio 14
VisualStudioVersion = 14.0.25420.1
MinimumVisualStudioVersion = 10.0.40219.1
Project("{FAE04EC0-301F-11D3-BF4B-00C04F79EFBC}") = "ProyectoTelas", "ProyectoTelas\ProyectoTelas.csproj", "{7583DD75-C579-4146-9D99-996AC7B62CC3}"
EndProject
Project("{FAE04EC0-301F-11D3-BF4B-00C04F79EFBC}") = "Servicios", "Servicios\Servicios.csproj", "{912BFED9-7C63-4FF4-B7F7-E8F5D36E8533}"
EndProject
Global
	GlobalSection(SolutionConfigurationPlatforms) = preSolution
		Debug|Any CPU = Debug|Any CPU
		Release|Any CPU = Release|Any CPU
	EndGlobalSection
	GlobalSection(ProjectConfigurationPlatforms) = postSolution
		{7583DD75-C579-4146-9D99-996AC7B62CC3}.Debug|Any CPU.ActiveCfg = Debug|Any CPU
		{7583DD75-C579-4146-9D99-996AC7B62CC3}.Debug|Any CPU.Build.0 = Debug|Any CPU
		{7583DD75-C579-4146-9D99-996AC7B62CC3}.Release|Any CPU.ActiveCfg = Release|Any CPU
		{7583DD75-C579-4146-9D99-996AC7B62CC3}.Release|Any CPU.Build.0 = Release|Any CPU
		{912BFED9-7C63-4FF4-B7F7-E8F5D36E8533}.Debug|Any CPU.ActiveCfg = Debug|Any CPU
		{912BFED9-7C63-4FF4-B7F7-E8F5D36E8533}.Debug|Any CPU.Build.0 = Debug|Any CPU
		{912BFED9-7C63-4FF4-B7F7-E8F5D36E8533}.Release|Any CPU.ActiveCfg = Release|Any CPU
		{912BFED9-7C63-4FF4-B7F7-E8F5D36E8533}.Release|Any CPU.Build.0 = Release|Any CPU
	EndGlobalSection
	GlobalSection(SolutionProperties) = preSolution
		HideSolutionNode = FALSE
	EndGlobalSection
EndGlobal
